
Microsoft Visual Studio Solution File, Format Version 12.00
# Visual Studio 2013
VisualStudioVersion = 12.0.21005.1
MinimumVisualStudioVersion = 10.0.40219.1
Project("{FAE04EC0-301F-11D3-BF4B-00C04F79EFBC}") = "NaturalSoftware.IRKit", "NaturalSoftware.IRKit\NaturalSoftware.IRKit.csproj", "{CF95CF71-F8E2-444B-98FB-0BC12D148608}"
EndProject
Project("{2150E333-8FDC-42A3-9474-1A3956D46DE8}") = ".nuget", ".nuget", "{F46562BE-A149-4A41-A7C1-9B264082DD86}"
	ProjectSection(SolutionItems) = preProject
		.nuget\NuGet.Config = .nuget\NuGet.Config
		.nuget\NuGet.exe = .nuget\NuGet.exe
		.nuget\NuGet.targets = .nuget\NuGet.targets
	EndProjectSection
EndProject
Project("{FAE04EC0-301F-11D3-BF4B-00C04F79EFBC}") = "NaturalSoftware.IRKit.WPF", "NaturalSoftware.IRKit.WPF\NaturalSoftware.IRKit.WPF.csproj", "{1564B9FD-7CB3-4B8D-A9E4-9A1EA918CB7D}"
EndProject
Project("{FAE04EC0-301F-11D3-BF4B-00C04F79EFBC}") = "NaturalSoftware.IRKit.WinRT", "NaturalSoftware.IRKit.WinRT\NaturalSoftware.IRKit.WinRT.csproj", "{701B523E-E0B1-4138-9D53-CE8ECBCD747A}"
EndProject
Project("{FAE04EC0-301F-11D3-BF4B-00C04F79EFBC}") = "NaturalSoftware.IRKit.iOS", "NaturalSoftware.IRKit.iOS\NaturalSoftware.IRKit.iOS.csproj", "{6BCA6C5C-FF0B-4964-9647-3AE4F348B0CA}"
EndProject
Project("{FAE04EC0-301F-11D3-BF4B-00C04F79EFBC}") = "NaturalSoftware.IRKit.Android", "NaturalSoftware.IRKit.Android\NaturalSoftware.IRKit.Android.csproj", "{9EDD1D6C-6AA5-43FF-8951-E30B3F8AD11B}"
EndProject
Global
	GlobalSection(SolutionConfigurationPlatforms) = preSolution
		Ad-Hoc|Any CPU = Ad-Hoc|Any CPU
		Ad-Hoc|ARM = Ad-Hoc|ARM
		Ad-Hoc|iPhone = Ad-Hoc|iPhone
		Ad-Hoc|iPhoneSimulator = Ad-Hoc|iPhoneSimulator
		Ad-Hoc|Mixed Platforms = Ad-Hoc|Mixed Platforms
		Ad-Hoc|x64 = Ad-Hoc|x64
		Ad-Hoc|x86 = Ad-Hoc|x86
		AppStore|Any CPU = AppStore|Any CPU
		AppStore|ARM = AppStore|ARM
		AppStore|iPhone = AppStore|iPhone
		AppStore|iPhoneSimulator = AppStore|iPhoneSimulator
		AppStore|Mixed Platforms = AppStore|Mixed Platforms
		AppStore|x64 = AppStore|x64
		AppStore|x86 = AppStore|x86
		Debug|Any CPU = Debug|Any CPU
		Debug|ARM = Debug|ARM
		Debug|iPhone = Debug|iPhone
		Debug|iPhoneSimulator = Debug|iPhoneSimulator
		Debug|Mixed Platforms = Debug|Mixed Platforms
		Debug|x64 = Debug|x64
		Debug|x86 = Debug|x86
		Release|Any CPU = Release|Any CPU
		Release|ARM = Release|ARM
		Release|iPhone = Release|iPhone
		Release|iPhoneSimulator = Release|iPhoneSimulator
		Release|Mixed Platforms = Release|Mixed Platforms
		Release|x64 = Release|x64
		Release|x86 = Release|x86
	EndGlobalSection
	GlobalSection(ProjectConfigurationPlatforms) = postSolution
		{CF95CF71-F8E2-444B-98FB-0BC12D148608}.Ad-Hoc|Any CPU.ActiveCfg = Release|Any CPU
		{CF95CF71-F8E2-444B-98FB-0BC12D148608}.Ad-Hoc|Any CPU.Build.0 = Release|Any CPU
		{CF95CF71-F8E2-444B-98FB-0BC12D148608}.Ad-Hoc|ARM.ActiveCfg = Release|Any CPU
		{CF95CF71-F8E2-444B-98FB-0BC12D148608}.Ad-Hoc|iPhone.ActiveCfg = Release|Any CPU
		{CF95CF71-F8E2-444B-98FB-0BC12D148608}.Ad-Hoc|iPhoneSimulator.ActiveCfg = Release|Any CPU
		{CF95CF71-F8E2-444B-98FB-0BC12D148608}.Ad-Hoc|Mixed Platforms.ActiveCfg = Release|Any CPU
		{CF95CF71-F8E2-444B-98FB-0BC12D148608}.Ad-Hoc|Mixed Platforms.Build.0 = Release|Any CPU
		{CF95CF71-F8E2-444B-98FB-0BC12D148608}.Ad-Hoc|x64.ActiveCfg = Release|Any CPU
		{CF95CF71-F8E2-444B-98FB-0BC12D148608}.Ad-Hoc|x86.ActiveCfg = Release|Any CPU
		{CF95CF71-F8E2-444B-98FB-0BC12D148608}.AppStore|Any CPU.ActiveCfg = Release|Any CPU
		{CF95CF71-F8E2-444B-98FB-0BC12D148608}.AppStore|Any CPU.Build.0 = Release|Any CPU
		{CF95CF71-F8E2-444B-98FB-0BC12D148608}.AppStore|ARM.ActiveCfg = Release|Any CPU
		{CF95CF71-F8E2-444B-98FB-0BC12D148608}.AppStore|iPhone.ActiveCfg = Release|Any CPU
		{CF95CF71-F8E2-444B-98FB-0BC12D148608}.AppStore|iPhoneSimulator.ActiveCfg = Release|Any CPU
		{CF95CF71-F8E2-444B-98FB-0BC12D148608}.AppStore|Mixed Platforms.ActiveCfg = Release|Any CPU
		{CF95CF71-F8E2-444B-98FB-0BC12D148608}.AppStore|Mixed Platforms.Build.0 = Release|Any CPU
		{CF95CF71-F8E2-444B-98FB-0BC12D148608}.AppStore|x64.ActiveCfg = Release|Any CPU
		{CF95CF71-F8E2-444B-98FB-0BC12D148608}.AppStore|x86.ActiveCfg = Release|Any CPU
		{CF95CF71-F8E2-444B-98FB-0BC12D148608}.Debug|Any CPU.ActiveCfg = Debug|Any CPU
		{CF95CF71-F8E2-444B-98FB-0BC12D148608}.Debug|Any CPU.Build.0 = Debug|Any CPU
		{CF95CF71-F8E2-444B-98FB-0BC12D148608}.Debug|ARM.ActiveCfg = Debug|Any CPU
		{CF95CF71-F8E2-444B-98FB-0BC12D148608}.Debug|iPhone.ActiveCfg = Debug|Any CPU
		{CF95CF71-F8E2-444B-98FB-0BC12D148608}.Debug|iPhoneSimulator.ActiveCfg = Debug|Any CPU
		{CF95CF71-F8E2-444B-98FB-0BC12D148608}.Debug|Mixed Platforms.ActiveCfg = Debug|Any CPU
		{CF95CF71-F8E2-444B-98FB-0BC12D148608}.Debug|Mixed Platforms.Build.0 = Debug|Any CPU
		{CF95CF71-F8E2-444B-98FB-0BC12D148608}.Debug|x64.ActiveCfg = Debug|Any CPU
		{CF95CF71-F8E2-444B-98FB-0BC12D148608}.Debug|x86.ActiveCfg = Debug|Any CPU
		{CF95CF71-F8E2-444B-98FB-0BC12D148608}.Release|Any CPU.ActiveCfg = Release|Any CPU
		{CF95CF71-F8E2-444B-98FB-0BC12D148608}.Release|Any CPU.Build.0 = Release|Any CPU
		{CF95CF71-F8E2-444B-98FB-0BC12D148608}.Release|ARM.ActiveCfg = Release|Any CPU
		{CF95CF71-F8E2-444B-98FB-0BC12D148608}.Release|iPhone.ActiveCfg = Release|Any CPU
		{CF95CF71-F8E2-444B-98FB-0BC12D148608}.Release|iPhoneSimulator.ActiveCfg = Release|Any CPU
		{CF95CF71-F8E2-444B-98FB-0BC12D148608}.Release|Mixed Platforms.ActiveCfg = Release|Any CPU
		{CF95CF71-F8E2-444B-98FB-0BC12D148608}.Release|Mixed Platforms.Build.0 = Release|Any CPU
		{CF95CF71-F8E2-444B-98FB-0BC12D148608}.Release|x64.ActiveCfg = Release|Any CPU
		{CF95CF71-F8E2-444B-98FB-0BC12D148608}.Release|x86.ActiveCfg = Release|Any CPU
		{1564B9FD-7CB3-4B8D-A9E4-9A1EA918CB7D}.Ad-Hoc|Any CPU.ActiveCfg = Release|Any CPU
		{1564B9FD-7CB3-4B8D-A9E4-9A1EA918CB7D}.Ad-Hoc|Any CPU.Build.0 = Release|Any CPU
		{1564B9FD-7CB3-4B8D-A9E4-9A1EA918CB7D}.Ad-Hoc|ARM.ActiveCfg = Release|Any CPU
		{1564B9FD-7CB3-4B8D-A9E4-9A1EA918CB7D}.Ad-Hoc|iPhone.ActiveCfg = Release|Any CPU
		{1564B9FD-7CB3-4B8D-A9E4-9A1EA918CB7D}.Ad-Hoc|iPhoneSimulator.ActiveCfg = Release|Any CPU
		{1564B9FD-7CB3-4B8D-A9E4-9A1EA918CB7D}.Ad-Hoc|Mixed Platforms.ActiveCfg = Release|Any CPU
		{1564B9FD-7CB3-4B8D-A9E4-9A1EA918CB7D}.Ad-Hoc|Mixed Platforms.Build.0 = Release|Any CPU
		{1564B9FD-7CB3-4B8D-A9E4-9A1EA918CB7D}.Ad-Hoc|x64.ActiveCfg = Release|Any CPU
		{1564B9FD-7CB3-4B8D-A9E4-9A1EA918CB7D}.Ad-Hoc|x86.ActiveCfg = Release|Any CPU
		{1564B9FD-7CB3-4B8D-A9E4-9A1EA918CB7D}.AppStore|Any CPU.ActiveCfg = Release|Any CPU
		{1564B9FD-7CB3-4B8D-A9E4-9A1EA918CB7D}.AppStore|Any CPU.Build.0 = Release|Any CPU
		{1564B9FD-7CB3-4B8D-A9E4-9A1EA918CB7D}.AppStore|ARM.ActiveCfg = Release|Any CPU
		{1564B9FD-7CB3-4B8D-A9E4-9A1EA918CB7D}.AppStore|iPhone.ActiveCfg = Release|Any CPU
		{1564B9FD-7CB3-4B8D-A9E4-9A1EA918CB7D}.AppStore|iPhoneSimulator.ActiveCfg = Release|Any CPU
		{1564B9FD-7CB3-4B8D-A9E4-9A1EA918CB7D}.AppStore|Mixed Platforms.ActiveCfg = Release|Any CPU
		{1564B9FD-7CB3-4B8D-A9E4-9A1EA918CB7D}.AppStore|Mixed Platforms.Build.0 = Release|Any CPU
		{1564B9FD-7CB3-4B8D-A9E4-9A1EA918CB7D}.AppStore|x64.ActiveCfg = Release|Any CPU
		{1564B9FD-7CB3-4B8D-A9E4-9A1EA918CB7D}.AppStore|x86.ActiveCfg = Release|Any CPU
		{1564B9FD-7CB3-4B8D-A9E4-9A1EA918CB7D}.Debug|Any CPU.ActiveCfg = Debug|Any CPU
		{1564B9FD-7CB3-4B8D-A9E4-9A1EA918CB7D}.Debug|Any CPU.Build.0 = Debug|Any CPU
		{1564B9FD-7CB3-4B8D-A9E4-9A1EA918CB7D}.Debug|ARM.ActiveCfg = Debug|Any CPU
		{1564B9FD-7CB3-4B8D-A9E4-9A1EA918CB7D}.Debug|iPhone.ActiveCfg = Debug|Any CPU
		{1564B9FD-7CB3-4B8D-A9E4-9A1EA918CB7D}.Debug|iPhoneSimulator.ActiveCfg = Debug|Any CPU
		{1564B9FD-7CB3-4B8D-A9E4-9A1EA918CB7D}.Debug|Mixed Platforms.ActiveCfg = Debug|Any CPU
		{1564B9FD-7CB3-4B8D-A9E4-9A1EA918CB7D}.Debug|Mixed Platforms.Build.0 = Debug|Any CPU
		{1564B9FD-7CB3-4B8D-A9E4-9A1EA918CB7D}.Debug|x64.ActiveCfg = Debug|Any CPU
		{1564B9FD-7CB3-4B8D-A9E4-9A1EA918CB7D}.Debug|x86.ActiveCfg = Debug|Any CPU
		{1564B9FD-7CB3-4B8D-A9E4-9A1EA918CB7D}.Release|Any CPU.ActiveCfg = Release|Any CPU
		{1564B9FD-7CB3-4B8D-A9E4-9A1EA918CB7D}.Release|Any CPU.Build.0 = Release|Any CPU
		{1564B9FD-7CB3-4B8D-A9E4-9A1EA918CB7D}.Release|ARM.ActiveCfg = Release|Any CPU
		{1564B9FD-7CB3-4B8D-A9E4-9A1EA918CB7D}.Release|iPhone.ActiveCfg = Release|Any CPU
		{1564B9FD-7CB3-4B8D-A9E4-9A1EA918CB7D}.Release|iPhoneSimulator.ActiveCfg = Release|Any CPU
		{1564B9FD-7CB3-4B8D-A9E4-9A1EA918CB7D}.Release|Mixed Platforms.ActiveCfg = Release|Any CPU
		{1564B9FD-7CB3-4B8D-A9E4-9A1EA918CB7D}.Release|Mixed Platforms.Build.0 = Release|Any CPU
		{1564B9FD-7CB3-4B8D-A9E4-9A1EA918CB7D}.Release|x64.ActiveCfg = Release|Any CPU
		{1564B9FD-7CB3-4B8D-A9E4-9A1EA918CB7D}.Release|x86.ActiveCfg = Release|Any CPU
		{701B523E-E0B1-4138-9D53-CE8ECBCD747A}.Ad-Hoc|Any CPU.ActiveCfg = Release|Any CPU
		{701B523E-E0B1-4138-9D53-CE8ECBCD747A}.Ad-Hoc|Any CPU.Build.0 = Release|Any CPU
		{701B523E-E0B1-4138-9D53-CE8ECBCD747A}.Ad-Hoc|Any CPU.Deploy.0 = Release|Any CPU
		{701B523E-E0B1-4138-9D53-CE8ECBCD747A}.Ad-Hoc|ARM.ActiveCfg = Release|ARM
		{701B523E-E0B1-4138-9D53-CE8ECBCD747A}.Ad-Hoc|ARM.Build.0 = Release|ARM
		{701B523E-E0B1-4138-9D53-CE8ECBCD747A}.Ad-Hoc|ARM.Deploy.0 = Release|ARM
		{701B523E-E0B1-4138-9D53-CE8ECBCD747A}.Ad-Hoc|iPhone.ActiveCfg = Release|Any CPU
		{701B523E-E0B1-4138-9D53-CE8ECBCD747A}.Ad-Hoc|iPhoneSimulator.ActiveCfg = Release|Any CPU
		{701B523E-E0B1-4138-9D53-CE8ECBCD747A}.Ad-Hoc|Mixed Platforms.ActiveCfg = Release|x86
		{701B523E-E0B1-4138-9D53-CE8ECBCD747A}.Ad-Hoc|Mixed Platforms.Build.0 = Release|x86
		{701B523E-E0B1-4138-9D53-CE8ECBCD747A}.Ad-Hoc|Mixed Platforms.Deploy.0 = Release|x86
		{701B523E-E0B1-4138-9D53-CE8ECBCD747A}.Ad-Hoc|x64.ActiveCfg = Release|x64
		{701B523E-E0B1-4138-9D53-CE8ECBCD747A}.Ad-Hoc|x64.Build.0 = Release|x64
		{701B523E-E0B1-4138-9D53-CE8ECBCD747A}.Ad-Hoc|x64.Deploy.0 = Release|x64
		{701B523E-E0B1-4138-9D53-CE8ECBCD747A}.Ad-Hoc|x86.ActiveCfg = Release|x86
		{701B523E-E0B1-4138-9D53-CE8ECBCD747A}.Ad-Hoc|x86.Build.0 = Release|x86
		{701B523E-E0B1-4138-9D53-CE8ECBCD747A}.Ad-Hoc|x86.Deploy.0 = Release|x86
		{701B523E-E0B1-4138-9D53-CE8ECBCD747A}.AppStore|Any CPU.ActiveCfg = Release|Any CPU
		{701B523E-E0B1-4138-9D53-CE8ECBCD747A}.AppStore|Any CPU.Build.0 = Release|Any CPU
		{701B523E-E0B1-4138-9D53-CE8ECBCD747A}.AppStore|Any CPU.Deploy.0 = Release|Any CPU
		{701B523E-E0B1-4138-9D53-CE8ECBCD747A}.AppStore|ARM.ActiveCfg = Release|ARM
		{701B523E-E0B1-4138-9D53-CE8ECBCD747A}.AppStore|ARM.Build.0 = Release|ARM
		{701B523E-E0B1-4138-9D53-CE8ECBCD747A}.AppStore|ARM.Deploy.0 = Release|ARM
		{701B523E-E0B1-4138-9D53-CE8ECBCD747A}.AppStore|iPhone.ActiveCfg = Release|Any CPU
		{701B523E-E0B1-4138-9D53-CE8ECBCD747A}.AppStore|iPhoneSimulator.ActiveCfg = Release|Any CPU
		{701B523E-E0B1-4138-9D53-CE8ECBCD747A}.AppStore|Mixed Platforms.ActiveCfg = Release|x86
		{701B523E-E0B1-4138-9D53-CE8ECBCD747A}.AppStore|Mixed Platforms.Build.0 = Release|x86
		{701B523E-E0B1-4138-9D53-CE8ECBCD747A}.AppStore|Mixed Platforms.Deploy.0 = Release|x86
		{701B523E-E0B1-4138-9D53-CE8ECBCD747A}.AppStore|x64.ActiveCfg = Release|x64
		{701B523E-E0B1-4138-9D53-CE8ECBCD747A}.AppStore|x64.Build.0 = Release|x64
		{701B523E-E0B1-4138-9D53-CE8ECBCD747A}.AppStore|x64.Deploy.0 = Release|x64
		{701B523E-E0B1-4138-9D53-CE8ECBCD747A}.AppStore|x86.ActiveCfg = Release|x86
		{701B523E-E0B1-4138-9D53-CE8ECBCD747A}.AppStore|x86.Build.0 = Release|x86
		{701B523E-E0B1-4138-9D53-CE8ECBCD747A}.AppStore|x86.Deploy.0 = Release|x86
		{701B523E-E0B1-4138-9D53-CE8ECBCD747A}.Debug|Any CPU.ActiveCfg = Debug|Any CPU
		{701B523E-E0B1-4138-9D53-CE8ECBCD747A}.Debug|Any CPU.Build.0 = Debug|Any CPU
		{701B523E-E0B1-4138-9D53-CE8ECBCD747A}.Debug|Any CPU.Deploy.0 = Debug|Any CPU
		{701B523E-E0B1-4138-9D53-CE8ECBCD747A}.Debug|ARM.ActiveCfg = Debug|ARM
		{701B523E-E0B1-4138-9D53-CE8ECBCD747A}.Debug|ARM.Build.0 = Debug|ARM
		{701B523E-E0B1-4138-9D53-CE8ECBCD747A}.Debug|ARM.Deploy.0 = Debug|ARM
		{701B523E-E0B1-4138-9D53-CE8ECBCD747A}.Debug|iPhone.ActiveCfg = Debug|Any CPU
		{701B523E-E0B1-4138-9D53-CE8ECBCD747A}.Debug|iPhoneSimulator.ActiveCfg = Debug|Any CPU
		{701B523E-E0B1-4138-9D53-CE8ECBCD747A}.Debug|Mixed Platforms.ActiveCfg = Debug|x86
		{701B523E-E0B1-4138-9D53-CE8ECBCD747A}.Debug|Mixed Platforms.Build.0 = Debug|x86
		{701B523E-E0B1-4138-9D53-CE8ECBCD747A}.Debug|Mixed Platforms.Deploy.0 = Debug|x86
		{701B523E-E0B1-4138-9D53-CE8ECBCD747A}.Debug|x64.ActiveCfg = Debug|x64
		{701B523E-E0B1-4138-9D53-CE8ECBCD747A}.Debug|x64.Build.0 = Debug|x64
		{701B523E-E0B1-4138-9D53-CE8ECBCD747A}.Debug|x64.Deploy.0 = Debug|x64
		{701B523E-E0B1-4138-9D53-CE8ECBCD747A}.Debug|x86.ActiveCfg = Debug|x86
		{701B523E-E0B1-4138-9D53-CE8ECBCD747A}.Debug|x86.Build.0 = Debug|x86
		{701B523E-E0B1-4138-9D53-CE8ECBCD747A}.Debug|x86.Deploy.0 = Debug|x86
		{701B523E-E0B1-4138-9D53-CE8ECBCD747A}.Release|Any CPU.ActiveCfg = Release|Any CPU
		{701B523E-E0B1-4138-9D53-CE8ECBCD747A}.Release|Any CPU.Build.0 = Release|Any CPU
		{701B523E-E0B1-4138-9D53-CE8ECBCD747A}.Release|Any CPU.Deploy.0 = Release|Any CPU
		{701B523E-E0B1-4138-9D53-CE8ECBCD747A}.Release|ARM.ActiveCfg = Release|ARM
		{701B523E-E0B1-4138-9D53-CE8ECBCD747A}.Release|ARM.Build.0 = Release|ARM
		{701B523E-E0B1-4138-9D53-CE8ECBCD747A}.Release|ARM.Deploy.0 = Release|ARM
		{701B523E-E0B1-4138-9D53-CE8ECBCD747A}.Release|iPhone.ActiveCfg = Release|Any CPU
		{701B523E-E0B1-4138-9D53-CE8ECBCD747A}.Release|iPhoneSimulator.ActiveCfg = Release|Any CPU
		{701B523E-E0B1-4138-9D53-CE8ECBCD747A}.Release|Mixed Platforms.ActiveCfg = Release|x86
		{701B523E-E0B1-4138-9D53-CE8ECBCD747A}.Release|Mixed Platforms.Build.0 = Release|x86
		{701B523E-E0B1-4138-9D53-CE8ECBCD747A}.Release|Mixed Platforms.Deploy.0 = Release|x86
		{701B523E-E0B1-4138-9D53-CE8ECBCD747A}.Release|x64.ActiveCfg = Release|x64
		{701B523E-E0B1-4138-9D53-CE8ECBCD747A}.Release|x64.Build.0 = Release|x64
		{701B523E-E0B1-4138-9D53-CE8ECBCD747A}.Release|x64.Deploy.0 = Release|x64
		{701B523E-E0B1-4138-9D53-CE8ECBCD747A}.Release|x86.ActiveCfg = Release|x86
		{701B523E-E0B1-4138-9D53-CE8ECBCD747A}.Release|x86.Build.0 = Release|x86
		{701B523E-E0B1-4138-9D53-CE8ECBCD747A}.Release|x86.Deploy.0 = Release|x86
		{6BCA6C5C-FF0B-4964-9647-3AE4F348B0CA}.Ad-Hoc|Any CPU.ActiveCfg = Ad-Hoc|iPhone
		{6BCA6C5C-FF0B-4964-9647-3AE4F348B0CA}.Ad-Hoc|ARM.ActiveCfg = Ad-Hoc|iPhone
		{6BCA6C5C-FF0B-4964-9647-3AE4F348B0CA}.Ad-Hoc|iPhone.ActiveCfg = Ad-Hoc|iPhone
		{6BCA6C5C-FF0B-4964-9647-3AE4F348B0CA}.Ad-Hoc|iPhone.Build.0 = Ad-Hoc|iPhone
		{6BCA6C5C-FF0B-4964-9647-3AE4F348B0CA}.Ad-Hoc|iPhone.Deploy.0 = Ad-Hoc|iPhone
		{6BCA6C5C-FF0B-4964-9647-3AE4F348B0CA}.Ad-Hoc|iPhoneSimulator.ActiveCfg = Ad-Hoc|iPhoneSimulator
		{6BCA6C5C-FF0B-4964-9647-3AE4F348B0CA}.Ad-Hoc|iPhoneSimulator.Build.0 = Ad-Hoc|iPhoneSimulator
		{6BCA6C5C-FF0B-4964-9647-3AE4F348B0CA}.Ad-Hoc|iPhoneSimulator.Deploy.0 = Ad-Hoc|iPhoneSimulator
		{6BCA6C5C-FF0B-4964-9647-3AE4F348B0CA}.Ad-Hoc|Mixed Platforms.ActiveCfg = Ad-Hoc|iPhone
		{6BCA6C5C-FF0B-4964-9647-3AE4F348B0CA}.Ad-Hoc|Mixed Platforms.Build.0 = Ad-Hoc|iPhone
		{6BCA6C5C-FF0B-4964-9647-3AE4F348B0CA}.Ad-Hoc|Mixed Platforms.Deploy.0 = Ad-Hoc|iPhone
		{6BCA6C5C-FF0B-4964-9647-3AE4F348B0CA}.Ad-Hoc|x64.ActiveCfg = Ad-Hoc|iPhone
		{6BCA6C5C-FF0B-4964-9647-3AE4F348B0CA}.Ad-Hoc|x86.ActiveCfg = Ad-Hoc|iPhone
		{6BCA6C5C-FF0B-4964-9647-3AE4F348B0CA}.AppStore|Any CPU.ActiveCfg = AppStore|iPhone
		{6BCA6C5C-FF0B-4964-9647-3AE4F348B0CA}.AppStore|ARM.ActiveCfg = AppStore|iPhone
		{6BCA6C5C-FF0B-4964-9647-3AE4F348B0CA}.AppStore|iPhone.ActiveCfg = AppStore|iPhone
		{6BCA6C5C-FF0B-4964-9647-3AE4F348B0CA}.AppStore|iPhone.Build.0 = AppStore|iPhone
		{6BCA6C5C-FF0B-4964-9647-3AE4F348B0CA}.AppStore|iPhone.Deploy.0 = AppStore|iPhone
		{6BCA6C5C-FF0B-4964-9647-3AE4F348B0CA}.AppStore|iPhoneSimulator.ActiveCfg = AppStore|iPhoneSimulator
		{6BCA6C5C-FF0B-4964-9647-3AE4F348B0CA}.AppStore|iPhoneSimulator.Build.0 = AppStore|iPhoneSimulator
		{6BCA6C5C-FF0B-4964-9647-3AE4F348B0CA}.AppStore|iPhoneSimulator.Deploy.0 = AppStore|iPhoneSimulator
		{6BCA6C5C-FF0B-4964-9647-3AE4F348B0CA}.AppStore|Mixed Platforms.ActiveCfg = AppStore|iPhone
		{6BCA6C5C-FF0B-4964-9647-3AE4F348B0CA}.AppStore|Mixed Platforms.Build.0 = AppStore|iPhone
		{6BCA6C5C-FF0B-4964-9647-3AE4F348B0CA}.AppStore|Mixed Platforms.Deploy.0 = AppStore|iPhone
		{6BCA6C5C-FF0B-4964-9647-3AE4F348B0CA}.AppStore|x64.ActiveCfg = AppStore|iPhone
		{6BCA6C5C-FF0B-4964-9647-3AE4F348B0CA}.AppStore|x86.ActiveCfg = AppStore|iPhone
		{6BCA6C5C-FF0B-4964-9647-3AE4F348B0CA}.Debug|Any CPU.ActiveCfg = Debug|iPhone
		{6BCA6C5C-FF0B-4964-9647-3AE4F348B0CA}.Debug|ARM.ActiveCfg = Debug|iPhone
		{6BCA6C5C-FF0B-4964-9647-3AE4F348B0CA}.Debug|iPhone.ActiveCfg = Debug|iPhone
		{6BCA6C5C-FF0B-4964-9647-3AE4F348B0CA}.Debug|iPhone.Build.0 = Debug|iPhone
		{6BCA6C5C-FF0B-4964-9647-3AE4F348B0CA}.Debug|iPhone.Deploy.0 = Debug|iPhone
		{6BCA6C5C-FF0B-4964-9647-3AE4F348B0CA}.Debug|iPhoneSimulator.ActiveCfg = Debug|iPhoneSimulator
		{6BCA6C5C-FF0B-4964-9647-3AE4F348B0CA}.Debug|iPhoneSimulator.Build.0 = Debug|iPhoneSimulator
		{6BCA6C5C-FF0B-4964-9647-3AE4F348B0CA}.Debug|iPhoneSimulator.Deploy.0 = Debug|iPhoneSimulator
		{6BCA6C5C-FF0B-4964-9647-3AE4F348B0CA}.Debug|Mixed Platforms.ActiveCfg = Debug|iPhone
		{6BCA6C5C-FF0B-4964-9647-3AE4F348B0CA}.Debug|Mixed Platforms.Build.0 = Debug|iPhone
		{6BCA6C5C-FF0B-4964-9647-3AE4F348B0CA}.Debug|Mixed Platforms.Deploy.0 = Debug|iPhone
		{6BCA6C5C-FF0B-4964-9647-3AE4F348B0CA}.Debug|x64.ActiveCfg = Debug|iPhone
		{6BCA6C5C-FF0B-4964-9647-3AE4F348B0CA}.Debug|x86.ActiveCfg = Debug|iPhone
		{6BCA6C5C-FF0B-4964-9647-3AE4F348B0CA}.Release|Any CPU.ActiveCfg = Release|iPhone
		{6BCA6C5C-FF0B-4964-9647-3AE4F348B0CA}.Release|ARM.ActiveCfg = Release|iPhone
		{6BCA6C5C-FF0B-4964-9647-3AE4F348B0CA}.Release|iPhone.ActiveCfg = Release|iPhone
		{6BCA6C5C-FF0B-4964-9647-3AE4F348B0CA}.Release|iPhone.Build.0 = Release|iPhone
		{6BCA6C5C-FF0B-4964-9647-3AE4F348B0CA}.Release|iPhone.Deploy.0 = Release|iPhone
		{6BCA6C5C-FF0B-4964-9647-3AE4F348B0CA}.Release|iPhoneSimulator.ActiveCfg = Release|iPhoneSimulator
		{6BCA6C5C-FF0B-4964-9647-3AE4F348B0CA}.Release|iPhoneSimulator.Build.0 = Release|iPhoneSimulator
		{6BCA6C5C-FF0B-4964-9647-3AE4F348B0CA}.Release|iPhoneSimulator.Deploy.0 = Release|iPhoneSimulator
		{6BCA6C5C-FF0B-4964-9647-3AE4F348B0CA}.Release|Mixed Platforms.ActiveCfg = Release|iPhone
		{6BCA6C5C-FF0B-4964-9647-3AE4F348B0CA}.Release|Mixed Platforms.Build.0 = Release|iPhone
		{6BCA6C5C-FF0B-4964-9647-3AE4F348B0CA}.Release|Mixed Platforms.Deploy.0 = Release|iPhone
		{6BCA6C5C-FF0B-4964-9647-3AE4F348B0CA}.Release|x64.ActiveCfg = Release|iPhone
		{6BCA6C5C-FF0B-4964-9647-3AE4F348B0CA}.Release|x86.ActiveCfg = Release|iPhone
		{9EDD1D6C-6AA5-43FF-8951-E30B3F8AD11B}.Ad-Hoc|Any CPU.ActiveCfg = Release|Any CPU
		{9EDD1D6C-6AA5-43FF-8951-E30B3F8AD11B}.Ad-Hoc|Any CPU.Build.0 = Release|Any CPU
		{9EDD1D6C-6AA5-43FF-8951-E30B3F8AD11B}.Ad-Hoc|Any CPU.Deploy.0 = Release|Any CPU
		{9EDD1D6C-6AA5-43FF-8951-E30B3F8AD11B}.Ad-Hoc|ARM.ActiveCfg = Release|Any CPU
		{9EDD1D6C-6AA5-43FF-8951-E30B3F8AD11B}.Ad-Hoc|iPhone.ActiveCfg = Release|Any CPU
		{9EDD1D6C-6AA5-43FF-8951-E30B3F8AD11B}.Ad-Hoc|iPhoneSimulator.ActiveCfg = Release|Any CPU
		{9EDD1D6C-6AA5-43FF-8951-E30B3F8AD11B}.Ad-Hoc|Mixed Platforms.ActiveCfg = Release|Any CPU
		{9EDD1D6C-6AA5-43FF-8951-E30B3F8AD11B}.Ad-Hoc|Mixed Platforms.Build.0 = Release|Any CPU
		{9EDD1D6C-6AA5-43FF-8951-E30B3F8AD11B}.Ad-Hoc|Mixed Platforms.Deploy.0 = Release|Any CPU
		{9EDD1D6C-6AA5-43FF-8951-E30B3F8AD11B}.Ad-Hoc|x64.ActiveCfg = Release|Any CPU
		{9EDD1D6C-6AA5-43FF-8951-E30B3F8AD11B}.Ad-Hoc|x86.ActiveCfg = Release|Any CPU
		{9EDD1D6C-6AA5-43FF-8951-E30B3F8AD11B}.AppStore|Any CPU.ActiveCfg = Release|Any CPU
		{9EDD1D6C-6AA5-43FF-8951-E30B3F8AD11B}.AppStore|Any CPU.Build.0 = Release|Any CPU
		{9EDD1D6C-6AA5-43FF-8951-E30B3F8AD11B}.AppStore|Any CPU.Deploy.0 = Release|Any CPU
		{9EDD1D6C-6AA5-43FF-8951-E30B3F8AD11B}.AppStore|ARM.ActiveCfg = Release|Any CPU
		{9EDD1D6C-6AA5-43FF-8951-E30B3F8AD11B}.AppStore|iPhone.ActiveCfg = Release|Any CPU
		{9EDD1D6C-6AA5-43FF-8951-E30B3F8AD11B}.AppStore|iPhoneSimulator.ActiveCfg = Release|Any CPU
		{9EDD1D6C-6AA5-43FF-8951-E30B3F8AD11B}.AppStore|Mixed Platforms.ActiveCfg = Release|Any CPU
		{9EDD1D6C-6AA5-43FF-8951-E30B3F8AD11B}.AppStore|Mixed Platforms.Build.0 = Release|Any CPU
		{9EDD1D6C-6AA5-43FF-8951-E30B3F8AD11B}.AppStore|Mixed Platforms.Deploy.0 = Release|Any CPU
		{9EDD1D6C-6AA5-43FF-8951-E30B3F8AD11B}.AppStore|x64.ActiveCfg = Release|Any CPU
		{9EDD1D6C-6AA5-43FF-8951-E30B3F8AD11B}.AppStore|x86.ActiveCfg = Release|Any CPU
		{9EDD1D6C-6AA5-43FF-8951-E30B3F8AD11B}.Debug|Any CPU.ActiveCfg = Debug|Any CPU
		{9EDD1D6C-6AA5-43FF-8951-E30B3F8AD11B}.Debug|Any CPU.Build.0 = Debug|Any CPU
		{9EDD1D6C-6AA5-43FF-8951-E30B3F8AD11B}.Debug|Any CPU.Deploy.0 = Debug|Any CPU
		{9EDD1D6C-6AA5-43FF-8951-E30B3F8AD11B}.Debug|ARM.ActiveCfg = Debug|Any CPU
		{9EDD1D6C-6AA5-43FF-8951-E30B3F8AD11B}.Debug|iPhone.ActiveCfg = Debug|Any CPU
		{9EDD1D6C-6AA5-43FF-8951-E30B3F8AD11B}.Debug|iPhoneSimulator.ActiveCfg = Debug|Any CPU
		{9EDD1D6C-6AA5-43FF-8951-E30B3F8AD11B}.Debug|Mixed Platforms.ActiveCfg = Debug|Any CPU
		{9EDD1D6C-6AA5-43FF-8951-E30B3F8AD11B}.Debug|Mixed Platforms.Build.0 = Debug|Any CPU
		{9EDD1D6C-6AA5-43FF-8951-E30B3F8AD11B}.Debug|Mixed Platforms.Deploy.0 = Debug|Any CPU
		{9EDD1D6C-6AA5-43FF-8951-E30B3F8AD11B}.Debug|x64.ActiveCfg = Debug|Any CPU
		{9EDD1D6C-6AA5-43FF-8951-E30B3F8AD11B}.Debug|x86.ActiveCfg = Debug|Any CPU
		{9EDD1D6C-6AA5-43FF-8951-E30B3F8AD11B}.Release|Any CPU.ActiveCfg = Release|Any CPU
		{9EDD1D6C-6AA5-43FF-8951-E30B3F8AD11B}.Release|Any CPU.Build.0 = Release|Any CPU
		{9EDD1D6C-6AA5-43FF-8951-E30B3F8AD11B}.Release|Any CPU.Deploy.0 = Release|Any CPU
		{9EDD1D6C-6AA5-43FF-8951-E30B3F8AD11B}.Release|ARM.ActiveCfg = Release|Any CPU
		{9EDD1D6C-6AA5-43FF-8951-E30B3F8AD11B}.Release|iPhone.ActiveCfg = Release|Any CPU
		{9EDD1D6C-6AA5-43FF-8951-E30B3F8AD11B}.Release|iPhoneSimulator.ActiveCfg = Release|Any CPU
		{9EDD1D6C-6AA5-43FF-8951-E30B3F8AD11B}.Release|Mixed Platforms.ActiveCfg = Release|Any CPU
		{9EDD1D6C-6AA5-43FF-8951-E30B3F8AD11B}.Release|Mixed Platforms.Build.0 = Release|Any CPU
		{9EDD1D6C-6AA5-43FF-8951-E30B3F8AD11B}.Release|Mixed Platforms.Deploy.0 = Release|Any CPU
		{9EDD1D6C-6AA5-43FF-8951-E30B3F8AD11B}.Release|x64.ActiveCfg = Release|Any CPU
		{9EDD1D6C-6AA5-43FF-8951-E30B3F8AD11B}.Release|x86.ActiveCfg = Release|Any CPU
	EndGlobalSection
	GlobalSection(SolutionProperties) = preSolution
		HideSolutionNode = FALSE
	EndGlobalSection
EndGlobal
