
Microsoft Visual Studio Solution File, Format Version 12.00
# Visual Studio 2013
VisualStudioVersion = 12.0.21005.1
MinimumVisualStudioVersion = 10.0.40219.1
Project("{FAE04EC0-301F-11D3-BF4B-00C04F79EFBC}") = "NaturalSoftware.IRKit", "NaturalSoftware.IRKit\NaturalSoftware.IRKit.csproj", "{CF95CF71-F8E2-444B-98FB-0BC12D148608}"
EndProject
Project("{2150E333-8FDC-42A3-9474-1A3956D46DE8}") = ".nuget", ".nuget", "{F46562BE-A149-4A41-A7C1-9B264082DD86}"
	ProjectSection(SolutionItems) = preProject
		.nuget\NuGet.Config = .nuget\NuGet.Config
		.nuget\NuGet.exe = .nuget\NuGet.exe
		.nuget\NuGet.targets = .nuget\NuGet.targets
	EndProjectSection
EndProject
Project("{FAE04EC0-301F-11D3-BF4B-00C04F79EFBC}") = "NaturalSoftware.IRKit.WPF", "NaturalSoftware.IRKit.WPF\NaturalSoftware.IRKit.WPF.csproj", "{1564B9FD-7CB3-4B8D-A9E4-9A1EA918CB7D}"
EndProject
Global
	GlobalSection(SolutionConfigurationPlatforms) = preSolution
		Debug|Any CPU = Debug|Any CPU
		Release|Any CPU = Release|Any CPU
	EndGlobalSection
	GlobalSection(ProjectConfigurationPlatforms) = postSolution
		{CF95CF71-F8E2-444B-98FB-0BC12D148608}.Debug|Any CPU.ActiveCfg = Debug|Any CPU
		{CF95CF71-F8E2-444B-98FB-0BC12D148608}.Debug|Any CPU.Build.0 = Debug|Any CPU
		{CF95CF71-F8E2-444B-98FB-0BC12D148608}.Release|Any CPU.ActiveCfg = Release|Any CPU
		{CF95CF71-F8E2-444B-98FB-0BC12D148608}.Release|Any CPU.Build.0 = Release|Any CPU
		{1564B9FD-7CB3-4B8D-A9E4-9A1EA918CB7D}.Debug|Any CPU.ActiveCfg = Debug|Any CPU
		{1564B9FD-7CB3-4B8D-A9E4-9A1EA918CB7D}.Debug|Any CPU.Build.0 = Debug|Any CPU
		{1564B9FD-7CB3-4B8D-A9E4-9A1EA918CB7D}.Release|Any CPU.ActiveCfg = Release|Any CPU
		{1564B9FD-7CB3-4B8D-A9E4-9A1EA918CB7D}.Release|Any CPU.Build.0 = Release|Any CPU
	EndGlobalSection
	GlobalSection(SolutionProperties) = preSolution
		HideSolutionNode = FALSE
	EndGlobalSection
EndGlobal
